
Microsoft Visual Studio Solution File, Format Version 12.00
# Visual Studio Version 16
VisualStudioVersion = 16.0.30907.101
MinimumVisualStudioVersion = 10.0.40219.1
Project("{FAE04EC0-301F-11D3-BF4B-00C04F79EFBC}") = "R_UILib_Test", "R_UILib_Test\R_UILib_Test.csproj", "{B8229BCF-E321-4E89-B078-47BC4474D773}"
EndProject
Project("{9A19103F-16F7-4668-BE54-9A1E7A4F7556}") = "R_UILibDLL", "R_UILibDLL\R_UILibDLL.csproj", "{6FBC6D96-EC9C-4A1F-A3A0-7A8F59D3C95E}"
EndProject
Global
	GlobalSection(SolutionConfigurationPlatforms) = preSolution
		Debug|Any CPU = Debug|Any CPU
		Release|Any CPU = Release|Any CPU
	EndGlobalSection
	GlobalSection(ProjectConfigurationPlatforms) = postSolution
		{B8229BCF-E321-4E89-B078-47BC4474D773}.Debug|Any CPU.ActiveCfg = Debug|Any CPU
		{B8229BCF-E321-4E89-B078-47BC4474D773}.Debug|Any CPU.Build.0 = Debug|Any CPU
		{B8229BCF-E321-4E89-B078-47BC4474D773}.Release|Any CPU.ActiveCfg = Release|Any CPU
		{B8229BCF-E321-4E89-B078-47BC4474D773}.Release|Any CPU.Build.0 = Release|Any CPU
		{6FBC6D96-EC9C-4A1F-A3A0-7A8F59D3C95E}.Debug|Any CPU.ActiveCfg = Debug|Any CPU
		{6FBC6D96-EC9C-4A1F-A3A0-7A8F59D3C95E}.Debug|Any CPU.Build.0 = Debug|Any CPU
		{6FBC6D96-EC9C-4A1F-A3A0-7A8F59D3C95E}.Release|Any CPU.ActiveCfg = Release|Any CPU
		{6FBC6D96-EC9C-4A1F-A3A0-7A8F59D3C95E}.Release|Any CPU.Build.0 = Release|Any CPU
	EndGlobalSection
	GlobalSection(SolutionProperties) = preSolution
		HideSolutionNode = FALSE
	EndGlobalSection
	GlobalSection(ExtensibilityGlobals) = postSolution
		SolutionGuid = {194890C5-5C8B-4B2A-9D39-26DC49008A1F}
	EndGlobalSection
EndGlobal
